version: 6
environments:
  default:
    channels:
    - url: https://conda.anaconda.org/conda-forge/
    packages:
      linux-64:
      - conda: https://conda.anaconda.org/conda-forge/linux-64/_libgcc_mutex-0.1-conda_forge.tar.bz2
      - conda: https://conda.anaconda.org/conda-forge/linux-64/_openmp_mutex-4.5-2_gnu.tar.bz2
      - conda: https://conda.anaconda.org/conda-forge/noarch/ca-certificates-2025.7.14-hbd8a1cb_0.conda
      - conda: https://conda.anaconda.org/conda-forge/linux-64/clang-17-17.0.6-default_hb5137d0_8.conda
      - conda: https://conda.anaconda.org/conda-forge/linux-64/icu-75.1-he02047a_0.conda
      - conda: https://conda.anaconda.org/conda-forge/linux-64/libclang-cpp17-17.0.6-default_hb5137d0_8.conda
      - conda: https://conda.anaconda.org/conda-forge/linux-64/libgcc-15.1.0-h767d61c_4.conda
      - conda: https://conda.anaconda.org/conda-forge/linux-64/libgcc-ng-15.1.0-h69a702a_4.conda
      - conda: https://conda.anaconda.org/conda-forge/linux-64/libgomp-15.1.0-h767d61c_4.conda
      - conda: https://conda.anaconda.org/conda-forge/linux-64/libiconv-1.18-h4ce23a2_1.conda
      - conda: https://conda.anaconda.org/conda-forge/linux-64/libllvm17-17.0.6-ha7bfdaf_3.conda
      - conda: https://conda.anaconda.org/conda-forge/linux-64/liblzma-5.8.1-hb9d3cd8_2.conda
      - conda: https://conda.anaconda.org/conda-forge/linux-64/libstdcxx-15.1.0-h8f9b012_4.conda
      - conda: https://conda.anaconda.org/conda-forge/linux-64/libstdcxx-ng-15.1.0-h4852527_4.conda
      - conda: https://conda.anaconda.org/conda-forge/linux-64/libxml2-2.13.8-h4bc477f_0.conda
      - conda: https://conda.anaconda.org/conda-forge/linux-64/libzlib-1.3.1-hb9d3cd8_2.conda
      - conda: https://conda.anaconda.org/conda-forge/linux-64/openssl-3.5.1-h7b32b05_0.conda
      - conda: https://conda.anaconda.org/conda-forge/linux-64/redis-server-7.4.0-h3400bea_0.conda
      - conda: https://conda.anaconda.org/conda-forge/linux-64/zstd-1.5.7-hb8e6e7a_2.conda
packages:
- conda: https://conda.anaconda.org/conda-forge/linux-64/_libgcc_mutex-0.1-conda_forge.tar.bz2
  sha256: fe51de6107f9edc7aa4f786a70f4a883943bc9d39b3bb7307c04c41410990726
  md5: d7c89558ba9fa0495403155b64376d81
  license: None
  size: 2562
  timestamp: 1578324546067
- conda: https://conda.anaconda.org/conda-forge/linux-64/_openmp_mutex-4.5-2_gnu.tar.bz2
  build_number: 16
  sha256: fbe2c5e56a653bebb982eda4876a9178aedfc2b545f25d0ce9c4c0b508253d22
  md5: 73aaf86a425cc6e73fcf236a5a46396d
  depends:
  - _libgcc_mutex 0.1 conda_forge
  - libgomp >=7.5.0
  constrains:
  - openmp_impl 9999
  license: BSD-3-Clause
  license_family: BSD
  size: 23621
  timestamp: 1650670423406
- conda: https://conda.anaconda.org/conda-forge/noarch/ca-certificates-2025.7.14-hbd8a1cb_0.conda
  sha256: 29defbd83c7829788358678ec996adeee252fa4d4274b7cd386c1ed73d2b201e
  md5: d16c90324aef024877d8713c0b7fea5b
  depends:
  - __unix
  license: ISC
  size: 155658
  timestamp: 1752482350666
- conda: https://conda.anaconda.org/conda-forge/linux-64/clang-17-17.0.6-default_hb5137d0_8.conda
  sha256: 4cd6ef921ab52ab27a189c9e2fead99473f74769c6fc0a837509618bb913e10d
  md5: 217c78d61e0a33950f7faa9059187531
  depends:
  - __glibc >=2.17,<3.0.a0
  - libclang-cpp17 17.0.6 default_hb5137d0_8
  - libgcc >=13
  - libllvm17 >=17.0.6,<17.1.0a0
  - libstdcxx >=13
  constrains:
  - llvm-tools 17.0.6
  - clangxx 17.0.6
  - clang-tools 17.0.6
  - clangdev 17.0.6
  license: Apache-2.0 WITH LLVM-exception
  license_family: Apache
  size: 730740
  timestamp: 1738087809456
- conda: https://conda.anaconda.org/conda-forge/linux-64/icu-75.1-he02047a_0.conda
  sha256: 71e750d509f5fa3421087ba88ef9a7b9be11c53174af3aa4d06aff4c18b38e8e
  md5: 8b189310083baabfb622af68fd9d3ae3
  depends:
  - __glibc >=2.17,<3.0.a0
  - libgcc-ng >=12
  - libstdcxx-ng >=12
  license: MIT
  license_family: MIT
  size: 12129203
  timestamp: 1720853576813
- conda: https://conda.anaconda.org/conda-forge/linux-64/libclang-cpp17-17.0.6-default_hb5137d0_8.conda
  sha256: 02a1c8d525104a781af98e5590fa319d0d150ed5b2aa68f203286d9dee6bc196
  md5: 4865444acb3d32dd63d606f58e8f24f0
  depends:
  - __glibc >=2.17,<3.0.a0
  - libgcc >=13
  - libllvm17 >=17.0.6,<17.1.0a0
  - libstdcxx >=13
  license: Apache-2.0 WITH LLVM-exception
  license_family: Apache
  size: 18487417
  timestamp: 1738087655183
- conda: https://conda.anaconda.org/conda-forge/linux-64/libgcc-15.1.0-h767d61c_4.conda
  sha256: 144e35c1c2840f2dc202f6915fc41879c19eddbb8fa524e3ca4aa0d14018b26f
  md5: f406dcbb2e7bef90d793e50e79a2882b
  depends:
  - __glibc >=2.17,<3.0.a0
  - _openmp_mutex >=4.5
  constrains:
  - libgcc-ng ==15.1.0=*_4
  - libgomp 15.1.0 h767d61c_4
  license: GPL-3.0-only WITH GCC-exception-3.1
  license_family: GPL
  size: 824153
  timestamp: 1753903866511
- conda: https://conda.anaconda.org/conda-forge/linux-64/libgcc-ng-15.1.0-h69a702a_4.conda
  sha256: 76ceac93ed98f208363d6e9c75011b0ff7b97b20f003f06461a619557e726637
  md5: 28771437ffcd9f3417c66012dc49a3be
  depends:
  - libgcc 15.1.0 h767d61c_4
  license: GPL-3.0-only WITH GCC-exception-3.1
  license_family: GPL
  size: 29249
  timestamp: 1753903872571
- conda: https://conda.anaconda.org/conda-forge/linux-64/libgomp-15.1.0-h767d61c_4.conda
  sha256: e0487a8fec78802ac04da0ac1139c3510992bc58a58cde66619dde3b363c2933
  md5: 3baf8976c96134738bba224e9ef6b1e5
  depends:
  - __glibc >=2.17,<3.0.a0
  license: GPL-3.0-only WITH GCC-exception-3.1
  license_family: GPL
  size: 447289
  timestamp: 1753903801049
- conda: https://conda.anaconda.org/conda-forge/linux-64/libiconv-1.18-h4ce23a2_1.conda
  sha256: 18a4afe14f731bfb9cf388659994263904d20111e42f841e9eea1bb6f91f4ab4
  md5: e796ff8ddc598affdf7c173d6145f087
  depends:
  - __glibc >=2.17,<3.0.a0
  - libgcc >=13
  license: LGPL-2.1-only
  size: 713084
  timestamp: 1740128065462
- conda: https://conda.anaconda.org/conda-forge/linux-64/libllvm17-17.0.6-ha7bfdaf_3.conda
  sha256: 4fb1d91048b7714c65b01dc8fd5e9ed3fdf7e48c0b2ed390c75dd376cf682316
  md5: ed3e154faccbf6393bf0bc9ea0423dce
  depends:
  - __glibc >=2.17,<3.0.a0
  - libgcc >=13
  - libstdcxx >=13
  - libxml2 >=2.13.5,<2.14.0a0
  - libzlib >=1.3.1,<2.0a0
  - zstd >=1.5.6,<1.6.0a0
  license: Apache-2.0 WITH LLVM-exception
  license_family: Apache
  size: 36562200
  timestamp: 1737805523606
- conda: https://conda.anaconda.org/conda-forge/linux-64/liblzma-5.8.1-hb9d3cd8_2.conda
  sha256: f2591c0069447bbe28d4d696b7fcb0c5bd0b4ac582769b89addbcf26fb3430d8
  md5: 1a580f7796c7bf6393fddb8bbbde58dc
  depends:
  - __glibc >=2.17,<3.0.a0
  - libgcc >=13
  constrains:
  - xz 5.8.1.*
  license: 0BSD
  size: 112894
  timestamp: 1749230047870
- conda: https://conda.anaconda.org/conda-forge/linux-64/libstdcxx-15.1.0-h8f9b012_4.conda
  sha256: b5b239e5fca53ff90669af1686c86282c970dd8204ebf477cf679872eb6d48ac
  md5: 3c376af8888c386b9d3d1c2701e2f3ab
  depends:
  - __glibc >=2.17,<3.0.a0
  - libgcc 15.1.0 h767d61c_4
  license: GPL-3.0-only WITH GCC-exception-3.1
  license_family: GPL
  size: 3903453
  timestamp: 1753903894186
- conda: https://conda.anaconda.org/conda-forge/linux-64/libstdcxx-ng-15.1.0-h4852527_4.conda
  sha256: 81c841c1cf4c0d06414aaa38a249f9fdd390554943065c3a0b18a9fb7e8cc495
  md5: 2d34729cbc1da0ec988e57b13b712067
  depends:
  - libstdcxx 15.1.0 h8f9b012_4
  license: GPL-3.0-only WITH GCC-exception-3.1
  license_family: GPL
  size: 29317
  timestamp: 1753903924491
- conda: https://conda.anaconda.org/conda-forge/linux-64/libxml2-2.13.8-h4bc477f_0.conda
  sha256: b0b3a96791fa8bb4ec030295e8c8bf2d3278f33c0f9ad540e73b5e538e6268e7
  md5: 14dbe05b929e329dbaa6f2d0aa19466d
  depends:
  - __glibc >=2.17,<3.0.a0
  - icu >=75.1,<76.0a0
  - libgcc >=13
  - libiconv >=1.18,<2.0a0
  - liblzma >=5.8.1,<6.0a0
  - libzlib >=1.3.1,<2.0a0
  license: MIT
  license_family: MIT
  size: 690864
  timestamp: 1746634244154
- conda: https://conda.anaconda.org/conda-forge/linux-64/libzlib-1.3.1-hb9d3cd8_2.conda
  sha256: d4bfe88d7cb447768e31650f06257995601f89076080e76df55e3112d4e47dc4
  md5: edb0dca6bc32e4f4789199455a1dbeb8
  depends:
  - __glibc >=2.17,<3.0.a0
  - libgcc >=13
  constrains:
  - zlib 1.3.1 *_2
  license: Zlib
  license_family: Other
  size: 60963
  timestamp: 1727963148474
- conda: https://conda.anaconda.org/conda-forge/linux-64/openssl-3.5.1-h7b32b05_0.conda
  sha256: 942347492164190559e995930adcdf84e2fea05307ec8012c02a505f5be87462
  md5: c87df2ab1448ba69169652ab9547082d
  depends:
  - __glibc >=2.17,<3.0.a0
  - ca-certificates
  - libgcc >=13
  license: Apache-2.0
  license_family: Apache
  size: 3131002
  timestamp: 1751390382076
- conda: https://conda.anaconda.org/conda-forge/linux-64/redis-server-7.4.0-h3400bea_0.conda
  sha256: 989302c3cd9a20899a98e4c4ef945cbcfa6611bcd240fcbc74d03dc045da7859
  md5: 760201d7400454ccb03990b928d2a377
  depends:
  - __glibc >=2.17,<3.0.a0
  - libgcc-ng >=12
  - openssl >=3.3.1,<4.0a0
  license: SSPL-1.0 OR LicenseRef-RSALv2
  size: 8708650
  timestamp: 1723704884568
- conda: https://conda.anaconda.org/conda-forge/linux-64/zstd-1.5.7-hb8e6e7a_2.conda
  sha256: a4166e3d8ff4e35932510aaff7aa90772f84b4d07e9f6f83c614cba7ceefe0eb
  md5: 6432cb5d4ac0046c3ac0a8a0f95842f9
  depends:
  - __glibc >=2.17,<3.0.a0
  - libgcc >=13
  - libstdcxx >=13
  - libzlib >=1.3.1,<2.0a0
  license: BSD-3-Clause
  license_family: BSD
  size: 567578
  timestamp: 1742433379869
